
Microsoft Visual Studio Solution File, Format Version 12.00
# Visual Studio Version 17
VisualStudioVersion = 17.14.36127.28 d17.14
MinimumVisualStudioVersion = 10.0.40219.1
Project("{FAE04EC0-301F-11D3-BF4B-00C04F79EFBC}") = "AuthECAPI", "AuthECAPI\AuthECAPI.csproj", "{60173EA3-FEFF-4624-B2B1-A4B85EE5E765}"
EndProject
Global
	GlobalSection(SolutionConfigurationPlatforms) = preSolution
		Debug|Any CPU = Debug|Any CPU
		Release|Any CPU = Release|Any CPU
	EndGlobalSection
	GlobalSection(ProjectConfigurationPlatforms) = postSolution
		{60173EA3-FEFF-4624-B2B1-A4B85EE5E765}.Debug|Any CPU.ActiveCfg = Debug|Any CPU
		{60173EA3-FEFF-4624-B2B1-A4B85EE5E765}.Debug|Any CPU.Build.0 = Debug|Any CPU
		{60173EA3-FEFF-4624-B2B1-A4B85EE5E765}.Release|Any CPU.ActiveCfg = Release|Any CPU
		{60173EA3-FEFF-4624-B2B1-A4B85EE5E765}.Release|Any CPU.Build.0 = Release|Any CPU
	EndGlobalSection
	GlobalSection(SolutionProperties) = preSolution
		HideSolutionNode = FALSE
	EndGlobalSection
	GlobalSection(ExtensibilityGlobals) = postSolution
		SolutionGuid = {6B63F234-DCDD-47FE-86E3-BC7A049A547D}
	EndGlobalSection
EndGlobal
